
Microsoft Visual Studio Solution File, Format Version 12.00
# Visual Studio Version 17
VisualStudioVersion = 17.2.32516.85
MinimumVisualStudioVersion = 10.0.40219.1
Project("{FAE04EC0-301F-11D3-BF4B-00C04F79EFBC}") = "Core", "Core\Core.csproj", "{460FC0F8-76EC-4913-AB9F-BF4A1F9C53ED}"
EndProject
Project("{FAE04EC0-301F-11D3-BF4B-00C04F79EFBC}") = "DataAccess", "DataAccess\DataAccess.csproj", "{23A06B7A-41B9-4741-8ED0-0B3476EB8482}"
EndProject
Project("{FAE04EC0-301F-11D3-BF4B-00C04F79EFBC}") = "Manage", "Manage\Manage.csproj", "{C2ED273F-1BCC-4766-BCCE-2D0DEC224138}"
EndProject
Project("{FAE04EC0-301F-11D3-BF4B-00C04F79EFBC}") = "Services", "Services\Services.csproj", "{FA2E4538-30BF-4311-8D6A-4084E656F075}"
EndProject
Global
	GlobalSection(SolutionConfigurationPlatforms) = preSolution
		Debug|Any CPU = Debug|Any CPU
		Release|Any CPU = Release|Any CPU
	EndGlobalSection
	GlobalSection(ProjectConfigurationPlatforms) = postSolution
		{460FC0F8-76EC-4913-AB9F-BF4A1F9C53ED}.Debug|Any CPU.ActiveCfg = Debug|Any CPU
		{460FC0F8-76EC-4913-AB9F-BF4A1F9C53ED}.Debug|Any CPU.Build.0 = Debug|Any CPU
		{460FC0F8-76EC-4913-AB9F-BF4A1F9C53ED}.Release|Any CPU.ActiveCfg = Release|Any CPU
		{460FC0F8-76EC-4913-AB9F-BF4A1F9C53ED}.Release|Any CPU.Build.0 = Release|Any CPU
		{23A06B7A-41B9-4741-8ED0-0B3476EB8482}.Debug|Any CPU.ActiveCfg = Debug|Any CPU
		{23A06B7A-41B9-4741-8ED0-0B3476EB8482}.Debug|Any CPU.Build.0 = Debug|Any CPU
		{23A06B7A-41B9-4741-8ED0-0B3476EB8482}.Release|Any CPU.ActiveCfg = Release|Any CPU
		{23A06B7A-41B9-4741-8ED0-0B3476EB8482}.Release|Any CPU.Build.0 = Release|Any CPU
		{C2ED273F-1BCC-4766-BCCE-2D0DEC224138}.Debug|Any CPU.ActiveCfg = Debug|Any CPU
		{C2ED273F-1BCC-4766-BCCE-2D0DEC224138}.Debug|Any CPU.Build.0 = Debug|Any CPU
		{C2ED273F-1BCC-4766-BCCE-2D0DEC224138}.Release|Any CPU.ActiveCfg = Release|Any CPU
		{C2ED273F-1BCC-4766-BCCE-2D0DEC224138}.Release|Any CPU.Build.0 = Release|Any CPU
		{FA2E4538-30BF-4311-8D6A-4084E656F075}.Debug|Any CPU.ActiveCfg = Debug|Any CPU
		{FA2E4538-30BF-4311-8D6A-4084E656F075}.Debug|Any CPU.Build.0 = Debug|Any CPU
		{FA2E4538-30BF-4311-8D6A-4084E656F075}.Release|Any CPU.ActiveCfg = Release|Any CPU
		{FA2E4538-30BF-4311-8D6A-4084E656F075}.Release|Any CPU.Build.0 = Release|Any CPU
	EndGlobalSection
	GlobalSection(SolutionProperties) = preSolution
		HideSolutionNode = FALSE
	EndGlobalSection
	GlobalSection(ExtensibilityGlobals) = postSolution
		SolutionGuid = {70588E04-2CE9-409A-8E2C-0D95B2C43AAE}
	EndGlobalSection
EndGlobal
